// !$*UTF8*$!
{
	archiveVersion = 1;
	classes = {
	};
	objectVersion = 56;
	objects = {

/* Begin PBXBuildFile section */
		34BFD39D2A6B953300B255C2 /* ComponentApp.swift in Sources */ = {isa = PBXBuildFile; fileRef = 34BFD39C2A6B953300B255C2 /* ComponentApp.swift */; };
		34BFD39F2A6B953300B255C2 /* ContentView.swift in Sources */ = {isa = PBXBuildFile; fileRef = 34BFD39E2A6B953300B255C2 /* ContentView.swift */; };
		34BFD3A12A6B953400B255C2 /* Assets.xcassets in Resources */ = {isa = PBXBuildFile; fileRef = 34BFD3A02A6B953400B255C2 /* Assets.xcassets */; };
		34BFD3A42A6B953400B255C2 /* Preview Assets.xcassets in Resources */ = {isa = PBXBuildFile; fileRef = 34BFD3A32A6B953400B255C2 /* Preview Assets.xcassets */; };
		34BFD3AE2A6B953400B255C2 /* ComponentTests.swift in Sources */ = {isa = PBXBuildFile; fileRef = 34BFD3AD2A6B953400B255C2 /* ComponentTests.swift */; };
		34BFD3B82A6B953400B255C2 /* ComponentUITests.swift in Sources */ = {isa = PBXBuildFile; fileRef = 34BFD3B72A6B953400B255C2 /* ComponentUITests.swift */; };
		34BFD3BA2A6B953400B255C2 /* ComponentUITestsLaunchTests.swift in Sources */ = {isa = PBXBuildFile; fileRef = 34BFD3B92A6B953400B255C2 /* ComponentUITestsLaunchTests.swift */; };
/* End PBXBuildFile section */

/* Begin PBXContainerItemProxy section */
		34BFD3AA2A6B953400B255C2 /* PBXContainerItemProxy */ = {
			isa = PBXContainerItemProxy;
			containerPortal = 34BFD3912A6B953300B255C2 /* Project object */;
			proxyType = 1;
			remoteGlobalIDString = 34BFD3982A6B953300B255C2;
			remoteInfo = Component;
		};
		34BFD3B42A6B953400B255C2 /* PBXContainerItemProxy */ = {
			isa = PBXContainerItemProxy;
			containerPortal = 34BFD3912A6B953300B255C2 /* Project object */;
			proxyType = 1;
			remoteGlobalIDString = 34BFD3982A6B953300B255C2;
			remoteInfo = Component;
		};
/* End PBXContainerItemProxy section */

/* Begin PBXFileReference section */
		34BFD3992A6B953300B255C2 /* Component.app */ = {isa = PBXFileReference; explicitFileType = wrapper.application; includeInIndex = 0; path = Component.app; sourceTree = BUILT_PRODUCTS_DIR; };
		34BFD39C2A6B953300B255C2 /* ComponentApp.swift */ = {isa = PBXFileReference; lastKnownFileType = sourcecode.swift; path = ComponentApp.swift; sourceTree = "<group>"; };
		34BFD39E2A6B953300B255C2 /* ContentView.swift */ = {isa = PBXFileReference; lastKnownFileType = sourcecode.swift; path = ContentView.swift; sourceTree = "<group>"; };
		34BFD3A02A6B953400B255C2 /* Assets.xcassets */ = {isa = PBXFileReference; lastKnownFileType = folder.assetcatalog; path = Assets.xcassets; sourceTree = "<group>"; };
		34BFD3A32A6B953400B255C2 /* Preview Assets.xcassets */ = {isa = PBXFileReference; lastKnownFileType = folder.assetcatalog; path = "Preview Assets.xcassets"; sourceTree = "<group>"; };
		34BFD3A92A6B953400B255C2 /* ComponentTests.xctest */ = {isa = PBXFileReference; explicitFileType = wrapper.cfbundle; includeInIndex = 0; path = ComponentTests.xctest; sourceTree = BUILT_PRODUCTS_DIR; };
		34BFD3AD2A6B953400B255C2 /* ComponentTests.swift */ = {isa = PBXFileReference; lastKnownFileType = sourcecode.swift; path = ComponentTests.swift; sourceTree = "<group>"; };
		34BFD3B32A6B953400B255C2 /* ComponentUITests.xctest */ = {isa = PBXFileReference; explicitFileType = wrapper.cfbundle; includeInIndex = 0; path = ComponentUITests.xctest; sourceTree = BUILT_PRODUCTS_DIR; };
		34BFD3B72A6B953400B255C2 /* ComponentUITests.swift */ = {isa = PBXFileReference; lastKnownFileType = sourcecode.swift; path = ComponentUITests.swift; sourceTree = "<group>"; };
		34BFD3B92A6B953400B255C2 /* ComponentUITestsLaunchTests.swift */ = {isa = PBXFileReference; lastKnownFileType = sourcecode.swift; path = ComponentUITestsLaunchTests.swift; sourceTree = "<group>"; };
/* End PBXFileReference section */

/* Begin PBXFrameworksBuildPhase section */
		34BFD3962A6B953300B255C2 /* Frameworks */ = {
			isa = PBXFrameworksBuildPhase;
			buildActionMask = 2147483647;
			files = (
			);
			runOnlyForDeploymentPostprocessing = 0;
		};
		34BFD3A62A6B953400B255C2 /* Frameworks */ = {
			isa = PBXFrameworksBuildPhase;
			buildActionMask = 2147483647;
			files = (
			);
			runOnlyForDeploymentPostprocessing = 0;
		};
		34BFD3B02A6B953400B255C2 /* Frameworks */ = {
			isa = PBXFrameworksBuildPhase;
			buildActionMask = 2147483647;
			files = (
			);
			runOnlyForDeploymentPostprocessing = 0;
		};
/* End PBXFrameworksBuildPhase section */

/* Begin PBXGroup section */
		34BFD3902A6B953300B255C2 = {
			isa = PBXGroup;
			children = (
				34BFD39B2A6B953300B255C2 /* Component */,
				34BFD3AC2A6B953400B255C2 /* ComponentTests */,
				34BFD3B62A6B953400B255C2 /* ComponentUITests */,
				34BFD39A2A6B953300B255C2 /* Products */,
			);
			sourceTree = "<group>";
		};
		34BFD39A2A6B953300B255C2 /* Products */ = {
			isa = PBXGroup;
			children = (
				34BFD3992A6B953300B255C2 /* Component.app */,
				34BFD3A92A6B953400B255C2 /* ComponentTests.xctest */,
				34BFD3B32A6B953400B255C2 /* ComponentUITests.xctest */,
			);
			name = Products;
			sourceTree = "<group>";
		};
		34BFD39B2A6B953300B255C2 /* Component */ = {
			isa = PBXGroup;
			children = (
				34BFD39C2A6B953300B255C2 /* ComponentApp.swift */,
				34BFD39E2A6B953300B255C2 /* ContentView.swift */,
				34BFD3A02A6B953400B255C2 /* Assets.xcassets */,
				34BFD3A22A6B953400B255C2 /* Preview Content */,
			);
			path = Component;
			sourceTree = "<group>";
		};
		34BFD3A22A6B953400B255C2 /* Preview Content */ = {
			isa = PBXGroup;
			children = (
				34BFD3A32A6B953400B255C2 /* Preview Assets.xcassets */,
			);
			path = "Preview Content";
			sourceTree = "<group>";
		};
		34BFD3AC2A6B953400B255C2 /* ComponentTests */ = {
			isa = PBXGroup;
			children = (
				34BFD3AD2A6B953400B255C2 /* ComponentTests.swift */,
			);
			path = ComponentTests;
			sourceTree = "<group>";
		};
		34BFD3B62A6B953400B255C2 /* ComponentUITests */ = {
			isa = PBXGroup;
			children = (
				34BFD3B72A6B953400B255C2 /* ComponentUITests.swift */,
				34BFD3B92A6B953400B255C2 /* ComponentUITestsLaunchTests.swift */,
			);
			path = ComponentUITests;
			sourceTree = "<group>";
		};
/* End PBXGroup section */

/* Begin PBXNativeTarget section */
		34BFD3982A6B953300B255C2 /* Component */ = {
			isa = PBXNativeTarget;
			buildConfigurationList = 34BFD3BD2A6B953400B255C2 /* Build configuration list for PBXNativeTarget "Component" */;
			buildPhases = (
				34BFD3952A6B953300B255C2 /* Sources */,
				34BFD3962A6B953300B255C2 /* Frameworks */,
				34BFD3972A6B953300B255C2 /* Resources */,
			);
			buildRules = (
			);
			dependencies = (
			);
			name = Component;
			productName = Component;
			productReference = 34BFD3992A6B953300B255C2 /* Component.app */;
			productType = "com.apple.product-type.application";
		};
		34BFD3A82A6B953400B255C2 /* ComponentTests */ = {
			isa = PBXNativeTarget;
			buildConfigurationList = 34BFD3C02A6B953400B255C2 /* Build configuration list for PBXNativeTarget "ComponentTests" */;
			buildPhases = (
				34BFD3A52A6B953400B255C2 /* Sources */,
				34BFD3A62A6B953400B255C2 /* Frameworks */,
				34BFD3A72A6B953400B255C2 /* Resources */,
			);
			buildRules = (
			);
			dependencies = (
				34BFD3AB2A6B953400B255C2 /* PBXTargetDependency */,
			);
			name = ComponentTests;
			productName = ComponentTests;
			productReference = 34BFD3A92A6B953400B255C2 /* ComponentTests.xctest */;
			productType = "com.apple.product-type.bundle.unit-test";
		};
		34BFD3B22A6B953400B255C2 /* ComponentUITests */ = {
			isa = PBXNativeTarget;
			buildConfigurationList = 34BFD3C32A6B953400B255C2 /* Build configuration list for PBXNativeTarget "ComponentUITests" */;
			buildPhases = (
				34BFD3AF2A6B953400B255C2 /* Sources */,
				34BFD3B02A6B953400B255C2 /* Frameworks */,
				34BFD3B12A6B953400B255C2 /* Resources */,
			);
			buildRules = (
			);
			dependencies = (
				34BFD3B52A6B953400B255C2 /* PBXTargetDependency */,
			);
			name = ComponentUITests;
			productName = ComponentUITests;
			productReference = 34BFD3B32A6B953400B255C2 /* ComponentUITests.xctest */;
			productType = "com.apple.product-type.bundle.ui-testing";
		};
/* End PBXNativeTarget section */

/* Begin PBXProject section */
		34BFD3912A6B953300B255C2 /* Project object */ = {
			isa = PBXProject;
			attributes = {
				BuildIndependentTargetsInParallel = 1;
				LastSwiftUpdateCheck = 1430;
				LastUpgradeCheck = 1430;
				TargetAttributes = {
					34BFD3982A6B953300B255C2 = {
						CreatedOnToolsVersion = 14.3.1;
					};
					34BFD3A82A6B953400B255C2 = {
						CreatedOnToolsVersion = 14.3.1;
						TestTargetID = 34BFD3982A6B953300B255C2;
					};
					34BFD3B22A6B953400B255C2 = {
						CreatedOnToolsVersion = 14.3.1;
						TestTargetID = 34BFD3982A6B953300B255C2;
					};
				};
			};
			buildConfigurationList = 34BFD3942A6B953300B255C2 /* Build configuration list for PBXProject "Component" */;
			compatibilityVersion = "Xcode 14.0";
			developmentRegion = en;
			hasScannedForEncodings = 0;
			knownRegions = (
				en,
				Base,
			);
			mainGroup = 34BFD3902A6B953300B255C2;
			productRefGroup = 34BFD39A2A6B953300B255C2 /* Products */;
			projectDirPath = "";
			projectRoot = "";
			targets = (
				34BFD3982A6B953300B255C2 /* Component */,
				34BFD3A82A6B953400B255C2 /* ComponentTests */,
				34BFD3B22A6B953400B255C2 /* ComponentUITests */,
			);
		};
/* End PBXProject section */

/* Begin PBXResourcesBuildPhase section */
		34BFD3972A6B953300B255C2 /* Resources */ = {
			isa = PBXResourcesBuildPhase;
			buildActionMask = 2147483647;
			files = (
				34BFD3A42A6B953400B255C2 /* Preview Assets.xcassets in Resources */,
				34BFD3A12A6B953400B255C2 /* Assets.xcassets in Resources */,
			);
			runOnlyForDeploymentPostprocessing = 0;
		};
		34BFD3A72A6B953400B255C2 /* Resources */ = {
			isa = PBXResourcesBuildPhase;
			buildActionMask = 2147483647;
			files = (
			);
			runOnlyForDeploymentPostprocessing = 0;
		};
		34BFD3B12A6B953400B255C2 /* Resources */ = {
			isa = PBXResourcesBuildPhase;
			buildActionMask = 2147483647;
			files = (
			);
			runOnlyForDeploymentPostprocessing = 0;
		};
/* End PBXResourcesBuildPhase section */

/* Begin PBXSourcesBuildPhase section */
		34BFD3952A6B953300B255C2 /* Sources */ = {
			isa = PBXSourcesBuildPhase;
			buildActionMask = 2147483647;
			files = (
				34BFD39F2A6B953300B255C2 /* ContentView.swift in Sources */,
				34BFD39D2A6B953300B255C2 /* ComponentApp.swift in Sources */,
			);
			runOnlyForDeploymentPostprocessing = 0;
		};
		34BFD3A52A6B953400B255C2 /* Sources */ = {
			isa = PBXSourcesBuildPhase;
			buildActionMask = 2147483647;
			files = (
				34BFD3AE2A6B953400B255C2 /* ComponentTests.swift in Sources */,
			);
			runOnlyForDeploymentPostprocessing = 0;
		};
		34BFD3AF2A6B953400B255C2 /* Sources */ = {
			isa = PBXSourcesBuildPhase;
			buildActionMask = 2147483647;
			files = (
				34BFD3BA2A6B953400B255C2 /* ComponentUITestsLaunchTests.swift in Sources */,
				34BFD3B82A6B953400B255C2 /* ComponentUITests.swift in Sources */,
			);
			runOnlyForDeploymentPostprocessing = 0;
		};
/* End PBXSourcesBuildPhase section */

/* Begin PBXTargetDependency section */
		34BFD3AB2A6B953400B255C2 /* PBXTargetDependency */ = {
			isa = PBXTargetDependency;
			target = 34BFD3982A6B953300B255C2 /* Component */;
			targetProxy = 34BFD3AA2A6B953400B255C2 /* PBXContainerItemProxy */;
		};
		34BFD3B52A6B953400B255C2 /* PBXTargetDependency */ = {
			isa = PBXTargetDependency;
			target = 34BFD3982A6B953300B255C2 /* Component */;
			targetProxy = 34BFD3B42A6B953400B255C2 /* PBXContainerItemProxy */;
		};
/* End PBXTargetDependency section */

/* Begin XCBuildConfiguration section */
		34BFD3BB2A6B953400B255C2 /* Debug */ = {
			isa = XCBuildConfiguration;
			buildSettings = {
				ALWAYS_SEARCH_USER_PATHS = NO;
				CLANG_ANALYZER_NONNULL = YES;
				CLANG_ANALYZER_NUMBER_OBJECT_CONVERSION = YES_AGGRESSIVE;
				CLANG_CXX_LANGUAGE_STANDARD = "gnu++20";
				CLANG_ENABLE_MODULES = YES;
				CLANG_ENABLE_OBJC_ARC = YES;
				CLANG_ENABLE_OBJC_WEAK = YES;
				CLANG_WARN_BLOCK_CAPTURE_AUTORELEASING = YES;
				CLANG_WARN_BOOL_CONVERSION = YES;
				CLANG_WARN_COMMA = YES;
				CLANG_WARN_CONSTANT_CONVERSION = YES;
				CLANG_WARN_DEPRECATED_OBJC_IMPLEMENTATIONS = YES;
				CLANG_WARN_DIRECT_OBJC_ISA_USAGE = YES_ERROR;
				CLANG_WARN_DOCUMENTATION_COMMENTS = YES;
				CLANG_WARN_EMPTY_BODY = YES;
				CLANG_WARN_ENUM_CONVERSION = YES;
				CLANG_WARN_INFINITE_RECURSION = YES;
				CLANG_WARN_INT_CONVERSION = YES;
				CLANG_WARN_NON_LITERAL_NULL_CONVERSION = YES;
				CLANG_WARN_OBJC_IMPLICIT_RETAIN_SELF = YES;
				CLANG_WARN_OBJC_LITERAL_CONVERSION = YES;
				CLANG_WARN_OBJC_ROOT_CLASS = YES_ERROR;
				CLANG_WARN_QUOTED_INCLUDE_IN_FRAMEWORK_HEADER = YES;
				CLANG_WARN_RANGE_LOOP_ANALYSIS = YES;
				CLANG_WARN_STRICT_PROTOTYPES = YES;
				CLANG_WARN_SUSPICIOUS_MOVE = YES;
				CLANG_WARN_UNGUARDED_AVAILABILITY = YES_AGGRESSIVE;
				CLANG_WARN_UNREACHABLE_CODE = YES;
				CLANG_WARN__DUPLICATE_METHOD_MATCH = YES;
				COPY_PHASE_STRIP = NO;
				DEBUG_INFORMATION_FORMAT = dwarf;
				ENABLE_STRICT_OBJC_MSGSEND = YES;
				ENABLE_TESTABILITY = YES;
				GCC_C_LANGUAGE_STANDARD = gnu11;
				GCC_DYNAMIC_NO_PIC = NO;
				GCC_NO_COMMON_BLOCKS = YES;
				GCC_OPTIMIZATION_LEVEL = 0;
				GCC_PREPROCESSOR_DEFINITIONS = (
					"DEBUG=1",
					"$(inherited)",
				);
				GCC_WARN_64_TO_32_BIT_CONVERSION = YES;
				GCC_WARN_ABOUT_RETURN_TYPE = YES_ERROR;
				GCC_WARN_UNDECLARED_SELECTOR = YES;
				GCC_WARN_UNINITIALIZED_AUTOS = YES_AGGRESSIVE;
				GCC_WARN_UNUSED_FUNCTION = YES;
				GCC_WARN_UNUSED_VARIABLE = YES;
				IPHONEOS_DEPLOYMENT_TARGET = 16.4;
				MTL_ENABLE_DEBUG_INFO = INCLUDE_SOURCE;
				MTL_FAST_MATH = YES;
				ONLY_ACTIVE_ARCH = YES;
				SDKROOT = iphoneos;
				SWIFT_ACTIVE_COMPILATION_CONDITIONS = DEBUG;
				SWIFT_OPTIMIZATION_LEVEL = "-Onone";
			};
			name = Debug;
		};
		34BFD3BC2A6B953400B255C2 /* Release */ = {
			isa = XCBuildConfiguration;
			buildSettings = {
				ALWAYS_SEARCH_USER_PATHS = NO;
				CLANG_ANALYZER_NONNULL = YES;
				CLANG_ANALYZER_NUMBER_OBJECT_CONVERSION = YES_AGGRESSIVE;
				CLANG_CXX_LANGUAGE_STANDARD = "gnu++20";
				CLANG_ENABLE_MODULES = YES;
				CLANG_ENABLE_OBJC_ARC = YES;
				CLANG_ENABLE_OBJC_WEAK = YES;
				CLANG_WARN_BLOCK_CAPTURE_AUTORELEASING = YES;
				CLANG_WARN_BOOL_CONVERSION = YES;
				CLANG_WARN_COMMA = YES;
				CLANG_WARN_CONSTANT_CONVERSION = YES;
				CLANG_WARN_DEPRECATED_OBJC_IMPLEMENTATIONS = YES;
				CLANG_WARN_DIRECT_OBJC_ISA_USAGE = YES_ERROR;
				CLANG_WARN_DOCUMENTATION_COMMENTS = YES;
				CLANG_WARN_EMPTY_BODY = YES;
				CLANG_WARN_ENUM_CONVERSION = YES;
				CLANG_WARN_INFINITE_RECURSION = YES;
				CLANG_WARN_INT_CONVERSION = YES;
				CLANG_WARN_NON_LITERAL_NULL_CONVERSION = YES;
				CLANG_WARN_OBJC_IMPLICIT_RETAIN_SELF = YES;
				CLANG_WARN_OBJC_LITERAL_CONVERSION = YES;
				CLANG_WARN_OBJC_ROOT_CLASS = YES_ERROR;
				CLANG_WARN_QUOTED_INCLUDE_IN_FRAMEWORK_HEADER = YES;
				CLANG_WARN_RANGE_LOOP_ANALYSIS = YES;
				CLANG_WARN_STRICT_PROTOTYPES = YES;
				CLANG_WARN_SUSPICIOUS_MOVE = YES;
				CLANG_WARN_UNGUARDED_AVAILABILITY = YES_AGGRESSIVE;
				CLANG_WARN_UNREACHABLE_CODE = YES;
				CLANG_WARN__DUPLICATE_METHOD_MATCH = YES;
				COPY_PHASE_STRIP = NO;
				DEBUG_INFORMATION_FORMAT = "dwarf-with-dsym";
				ENABLE_NS_ASSERTIONS = NO;
				ENABLE_STRICT_OBJC_MSGSEND = YES;
				GCC_C_LANGUAGE_STANDARD = gnu11;
				GCC_NO_COMMON_BLOCKS = YES;
				GCC_WARN_64_TO_32_BIT_CONVERSION = YES;
				GCC_WARN_ABOUT_RETURN_TYPE = YES_ERROR;
				GCC_WARN_UNDECLARED_SELECTOR = YES;
				GCC_WARN_UNINITIALIZED_AUTOS = YES_AGGRESSIVE;
				GCC_WARN_UNUSED_FUNCTION = YES;
				GCC_WARN_UNUSED_VARIABLE = YES;
				IPHONEOS_DEPLOYMENT_TARGET = 16.4;
				MTL_ENABLE_DEBUG_INFO = NO;
				MTL_FAST_MATH = YES;
				SDKROOT = iphoneos;
				SWIFT_COMPILATION_MODE = wholemodule;
				SWIFT_OPTIMIZATION_LEVEL = "-O";
				VALIDATE_PRODUCT = YES;
			};
			name = Release;
		};
		34BFD3BE2A6B953400B255C2 /* Debug */ = {
			isa = XCBuildConfiguration;
			buildSettings = {
				ASSETCATALOG_COMPILER_APPICON_NAME = AppIcon;
				ASSETCATALOG_COMPILER_GLOBAL_ACCENT_COLOR_NAME = AccentColor;
				CODE_SIGN_STYLE = Automatic;
				CURRENT_PROJECT_VERSION = 1;
				DEVELOPMENT_ASSET_PATHS = "\"Component/Preview Content\"";
				ENABLE_PREVIEWS = YES;
				GENERATE_INFOPLIST_FILE = YES;
				INFOPLIST_KEY_UIApplicationSceneManifest_Generation = YES;
				INFOPLIST_KEY_UIApplicationSupportsIndirectInputEvents = YES;
				INFOPLIST_KEY_UILaunchScreen_Generation = YES;
				INFOPLIST_KEY_UISupportedInterfaceOrientations_iPad = "UIInterfaceOrientationPortrait UIInterfaceOrientationPortraitUpsideDown UIInterfaceOrientationLandscapeLeft UIInterfaceOrientationLandscapeRight";
				INFOPLIST_KEY_UISupportedInterfaceOrientations_iPhone = "UIInterfaceOrientationPortrait UIInterfaceOrientationLandscapeLeft UIInterfaceOrientationLandscapeRight";
				LD_RUNPATH_SEARCH_PATHS = (
					"$(inherited)",
					"@executable_path/Frameworks",
				);
				MARKETING_VERSION = 1.0;
				PRODUCT_BUNDLE_IDENTIFIER = kr.co.Matthew.Component;
				PRODUCT_NAME = "$(TARGET_NAME)";
				SWIFT_EMIT_LOC_STRINGS = YES;
				SWIFT_VERSION = 5.0;
				TARGETED_DEVICE_FAMILY = "1,2";
			};
			name = Debug;
		};
		34BFD3BF2A6B953400B255C2 /* Release */ = {
			isa = XCBuildConfiguration;
			buildSettings = {
				ASSETCATALOG_COMPILER_APPICON_NAME = AppIcon;
				ASSETCATALOG_COMPILER_GLOBAL_ACCENT_COLOR_NAME = AccentColor;
				CODE_SIGN_STYLE = Automatic;
				CURRENT_PROJECT_VERSION = 1;
				DEVELOPMENT_ASSET_PATHS = "\"Component/Preview Content\"";
				ENABLE_PREVIEWS = YES;
				GENERATE_INFOPLIST_FILE = YES;
				INFOPLIST_KEY_UIApplicationSceneManifest_Generation = YES;
				INFOPLIST_KEY_UIApplicationSupportsIndirectInputEvents = YES;
				INFOPLIST_KEY_UILaunchScreen_Generation = YES;
				INFOPLIST_KEY_UISupportedInterfaceOrientations_iPad = "UIInterfaceOrientationPortrait UIInterfaceOrientationPortraitUpsideDown UIInterfaceOrientationLandscapeLeft UIInterfaceOrientationLandscapeRight";
				INFOPLIST_KEY_UISupportedInterfaceOrientations_iPhone = "UIInterfaceOrientationPortrait UIInterfaceOrientationLandscapeLeft UIInterfaceOrientationLandscapeRight";
				LD_RUNPATH_SEARCH_PATHS = (
					"$(inherited)",
					"@executable_path/Frameworks",
				);
				MARKETING_VERSION = 1.0;
				PRODUCT_BUNDLE_IDENTIFIER = kr.co.Matthew.Component;
				PRODUCT_NAME = "$(TARGET_NAME)";
				SWIFT_EMIT_LOC_STRINGS = YES;
				SWIFT_VERSION = 5.0;
				TARGETED_DEVICE_FAMILY = "1,2";
			};
			name = Release;
		};
		34BFD3C12A6B953400B255C2 /* Debug */ = {
			isa = XCBuildConfiguration;
			buildSettings = {
				ALWAYS_EMBED_SWIFT_STANDARD_LIBRARIES = YES;
				BUNDLE_LOADER = "$(TEST_HOST)";
				CODE_SIGN_STYLE = Automatic;
				CURRENT_PROJECT_VERSION = 1;
				GENERATE_INFOPLIST_FILE = YES;
				IPHONEOS_DEPLOYMENT_TARGET = 16.4;
				MARKETING_VERSION = 1.0;
				PRODUCT_BUNDLE_IDENTIFIER = kr.co.Matthew.ComponentTests;
				PRODUCT_NAME = "$(TARGET_NAME)";
				SWIFT_EMIT_LOC_STRINGS = NO;
				SWIFT_VERSION = 5.0;
				TARGETED_DEVICE_FAMILY = "1,2";
				TEST_HOST = "$(BUILT_PRODUCTS_DIR)/Component.app/$(BUNDLE_EXECUTABLE_FOLDER_PATH)/Component";
			};
			name = Debug;
		};
		34BFD3C22A6B953400B255C2 /* Release */ = {
			isa = XCBuildConfiguration;
			buildSettings = {
				ALWAYS_EMBED_SWIFT_STANDARD_LIBRARIES = YES;
				BUNDLE_LOADER = "$(TEST_HOST)";
				CODE_SIGN_STYLE = Automatic;
				CURRENT_PROJECT_VERSION = 1;
				GENERATE_INFOPLIST_FILE = YES;
				IPHONEOS_DEPLOYMENT_TARGET = 16.4;
				MARKETING_VERSION = 1.0;
				PRODUCT_BUNDLE_IDENTIFIER = kr.co.Matthew.ComponentTests;
				PRODUCT_NAME = "$(TARGET_NAME)";
				SWIFT_EMIT_LOC_STRINGS = NO;
				SWIFT_VERSION = 5.0;
				TARGETED_DEVICE_FAMILY = "1,2";
				TEST_HOST = "$(BUILT_PRODUCTS_DIR)/Component.app/$(BUNDLE_EXECUTABLE_FOLDER_PATH)/Component";
			};
			name = Release;
		};
		34BFD3C42A6B953400B255C2 /* Debug */ = {
			isa = XCBuildConfiguration;
			buildSettings = {
				ALWAYS_EMBED_SWIFT_STANDARD_LIBRARIES = YES;
				CODE_SIGN_STYLE = Automatic;
				CURRENT_PROJECT_VERSION = 1;
				GENERATE_INFOPLIST_FILE = YES;
				MARKETING_VERSION = 1.0;
				PRODUCT_BUNDLE_IDENTIFIER = kr.co.Matthew.ComponentUITests;
				PRODUCT_NAME = "$(TARGET_NAME)";
				SWIFT_EMIT_LOC_STRINGS = NO;
				SWIFT_VERSION = 5.0;
				TARGETED_DEVICE_FAMILY = "1,2";
				TEST_TARGET_NAME = Component;
			};
			name = Debug;
		};
		34BFD3C52A6B953400B255C2 /* Release */ = {
			isa = XCBuildConfiguration;
			buildSettings = {
				ALWAYS_EMBED_SWIFT_STANDARD_LIBRARIES = YES;
				CODE_SIGN_STYLE = Automatic;
				CURRENT_PROJECT_VERSION = 1;
				GENERATE_INFOPLIST_FILE = YES;
				MARKETING_VERSION = 1.0;
				PRODUCT_BUNDLE_IDENTIFIER = kr.co.Matthew.ComponentUITests;
				PRODUCT_NAME = "$(TARGET_NAME)";
				SWIFT_EMIT_LOC_STRINGS = NO;
				SWIFT_VERSION = 5.0;
				TARGETED_DEVICE_FAMILY = "1,2";
				TEST_TARGET_NAME = Component;
			};
			name = Release;
		};
/* End XCBuildConfiguration section */

/* Begin XCConfigurationList section */
		34BFD3942A6B953300B255C2 /* Build configuration list for PBXProject "Component" */ = {
			isa = XCConfigurationList;
			buildConfigurations = (
				34BFD3BB2A6B953400B255C2 /* Debug */,
				34BFD3BC2A6B953400B255C2 /* Release */,
			);
			defaultConfigurationIsVisible = 0;
			defaultConfigurationName = Release;
		};
		34BFD3BD2A6B953400B255C2 /* Build configuration list for PBXNativeTarget "Component" */ = {
			isa = XCConfigurationList;
			buildConfigurations = (
				34BFD3BE2A6B953400B255C2 /* Debug */,
				34BFD3BF2A6B953400B255C2 /* Release */,
			);
			defaultConfigurationIsVisible = 0;
			defaultConfigurationName = Release;
		};
		34BFD3C02A6B953400B255C2 /* Build configuration list for PBXNativeTarget "ComponentTests" */ = {
			isa = XCConfigurationList;
			buildConfigurations = (
				34BFD3C12A6B953400B255C2 /* Debug */,
				34BFD3C22A6B953400B255C2 /* Release */,
			);
			defaultConfigurationIsVisible = 0;
			defaultConfigurationName = Release;
		};
		34BFD3C32A6B953400B255C2 /* Build configuration list for PBXNativeTarget "ComponentUITests" */ = {
			isa = XCConfigurationList;
			buildConfigurations = (
				34BFD3C42A6B953400B255C2 /* Debug */,
				34BFD3C52A6B953400B255C2 /* Release */,
			);
			defaultConfigurationIsVisible = 0;
			defaultConfigurationName = Release;
		};
/* End XCConfigurationList section */
	};
	rootObject = 34BFD3912A6B953300B255C2 /* Project object */;
}
